
Microsoft Visual Studio Solution File, Format Version 12.00
# Visual Studio 15
VisualStudioVersion = 15.0.27130.2010
MinimumVisualStudioVersion = 10.0.40219.1
Project("{FAE04EC0-301F-11D3-BF4B-00C04F79EFBC}") = "Ex_TextGame", "Ex_TextGame\Ex_TextGame.csproj", "{2AE8A987-30A4-4EF2-B972-51F21DF865CF}"
EndProject
Global
	GlobalSection(SolutionConfigurationPlatforms) = preSolution
		Debug|Any CPU = Debug|Any CPU
		Release|Any CPU = Release|Any CPU
	EndGlobalSection
	GlobalSection(ProjectConfigurationPlatforms) = postSolution
		{2AE8A987-30A4-4EF2-B972-51F21DF865CF}.Debug|Any CPU.ActiveCfg = Debug|Any CPU
		{2AE8A987-30A4-4EF2-B972-51F21DF865CF}.Debug|Any CPU.Build.0 = Debug|Any CPU
		{2AE8A987-30A4-4EF2-B972-51F21DF865CF}.Release|Any CPU.ActiveCfg = Release|Any CPU
		{2AE8A987-30A4-4EF2-B972-51F21DF865CF}.Release|Any CPU.Build.0 = Release|Any CPU
	EndGlobalSection
	GlobalSection(SolutionProperties) = preSolution
		HideSolutionNode = FALSE
	EndGlobalSection
	GlobalSection(ExtensibilityGlobals) = postSolution
		SolutionGuid = {D33A8C38-DBD8-44A6-AE63-4D43A0760BC8}
	EndGlobalSection
EndGlobal
